
Microsoft Visual Studio Solution File, Format Version 12.00
# Visual Studio Version 17
VisualStudioVersion = 17.6.33815.320
MinimumVisualStudioVersion = 10.0.40219.1
Project("{9A19103F-16F7-4668-BE54-9A1E7A4F7556}") = "TeduEcommerce.Domain", "src\TeduEcommerce.Domain\TeduEcommerce.Domain.csproj", "{554AD327-6DBA-4F8F-96F8-81CE7A0C863F}"
EndProject
Project("{9A19103F-16F7-4668-BE54-9A1E7A4F7556}") = "TeduEcommerce.Application", "src\TeduEcommerce.Application\TeduEcommerce.Application.csproj", "{1A94A50E-06DC-43C1-80B5-B662820EC3EB}"
EndProject
Project("{9A19103F-16F7-4668-BE54-9A1E7A4F7556}") = "TeduEcommerce.EntityFrameworkCore", "src\TeduEcommerce.EntityFrameworkCore\TeduEcommerce.EntityFrameworkCore.csproj", "{C956DD76-69C8-4A9C-83EA-D17DF83340FD}"
EndProject
Project("{2150E333-8FDC-42A3-9474-1A3956D46DE8}") = "src", "src", "{CA9AC87F-097E-4F15-8393-4BC07735A5B0}"
EndProject
Project("{2150E333-8FDC-42A3-9474-1A3956D46DE8}") = "test", "test", "{04DBDB01-70F4-4E06-B468-8F87850B22BE}"
EndProject
Project("{9A19103F-16F7-4668-BE54-9A1E7A4F7556}") = "TeduEcommerce.Application.Tests", "test\TeduEcommerce.Application.Tests\TeduEcommerce.Application.Tests.csproj", "{50B2631D-129C-47B3-A587-029CCD6099BC}"
EndProject
Project("{9A19103F-16F7-4668-BE54-9A1E7A4F7556}") = "TeduEcommerce.Domain.Shared", "src\TeduEcommerce.Domain.Shared\TeduEcommerce.Domain.Shared.csproj", "{42F719ED-8413-4895-B5B4-5AB56079BC66}"
EndProject
Project("{9A19103F-16F7-4668-BE54-9A1E7A4F7556}") = "TeduEcommerce.Application.Contracts", "src\TeduEcommerce.Application.Contracts\TeduEcommerce.Application.Contracts.csproj", "{520659C8-C734-4298-A3DA-B539DB9DFC0B}"
EndProject
Project("{9A19103F-16F7-4668-BE54-9A1E7A4F7556}") = "TeduEcommerce.HttpApi", "src\TeduEcommerce.HttpApi\TeduEcommerce.HttpApi.csproj", "{4164BDF7-F527-4E85-9CE6-E3C2D7426A27}"
EndProject
Project("{9A19103F-16F7-4668-BE54-9A1E7A4F7556}") = "TeduEcommerce.HttpApi.Client", "src\TeduEcommerce.HttpApi.Client\TeduEcommerce.HttpApi.Client.csproj", "{3B5A0094-670D-4BB1-BFDD-61B88A8773DC}"
EndProject
Project("{9A19103F-16F7-4668-BE54-9A1E7A4F7556}") = "TeduEcommerce.AuthServer", "src\TeduEcommerce.AuthServer\TeduEcommerce.AuthServer.csproj", "{073C361E-B8F4-49F5-93CC-72A3FF49C026}"
EndProject
Project("{9A19103F-16F7-4668-BE54-9A1E7A4F7556}") = "TeduEcommerce.HttpApi.Host", "src\TeduEcommerce.HttpApi.Host\TeduEcommerce.HttpApi.Host.csproj", "{E6D5BF0E-DE92-4D82-A352-EF04B37CB11C}"
EndProject
Project("{9A19103F-16F7-4668-BE54-9A1E7A4F7556}") = "TeduEcommerce.EntityFrameworkCore.Tests", "test\TeduEcommerce.EntityFrameworkCore.Tests\TeduEcommerce.EntityFrameworkCore.Tests.csproj", "{1FE30EB9-74A9-47F5-A9F6-7B1FAB672D81}"
EndProject
Project("{9A19103F-16F7-4668-BE54-9A1E7A4F7556}") = "TeduEcommerce.TestBase", "test\TeduEcommerce.TestBase\TeduEcommerce.TestBase.csproj", "{91853F21-9CD9-4132-BC29-A7D5D84FFFE7}"
EndProject
Project("{9A19103F-16F7-4668-BE54-9A1E7A4F7556}") = "TeduEcommerce.Domain.Tests", "test\TeduEcommerce.Domain.Tests\TeduEcommerce.Domain.Tests.csproj", "{E512F4D9-9375-480F-A2F6-A46509F9D824}"
EndProject
Project("{9A19103F-16F7-4668-BE54-9A1E7A4F7556}") = "TeduEcommerce.HttpApi.Client.ConsoleTestApp", "test\TeduEcommerce.HttpApi.Client.ConsoleTestApp\TeduEcommerce.HttpApi.Client.ConsoleTestApp.csproj", "{EF480016-9127-4916-8735-D2466BDBC582}"
EndProject
Project("{9A19103F-16F7-4668-BE54-9A1E7A4F7556}") = "TeduEcommerce.DbMigrator", "src\TeduEcommerce.DbMigrator\TeduEcommerce.DbMigrator.csproj", "{AA94D832-1CCC-4715-95A9-A483F23A1A5D}"
EndProject
Project("{2150E333-8FDC-42A3-9474-1A3956D46DE8}") = "common", "common", "{6226195B-A7EA-485A-A50D-7E5A714CCA1B}"
EndProject
Project("{2150E333-8FDC-42A3-9474-1A3956D46DE8}") = "identity", "identity", "{EE9FF8F5-EC56-4FD7-9714-19020B0A7FBB}"
EndProject
Project("{2150E333-8FDC-42A3-9474-1A3956D46DE8}") = "public", "public", "{DB91E7D8-2686-4D7F-890A-22C9D3B1A884}"
EndProject
Project("{2150E333-8FDC-42A3-9474-1A3956D46DE8}") = "domain", "domain", "{264AE702-5CEB-4BC5-BAF6-1F429D8D0A39}"
EndProject
Project("{2150E333-8FDC-42A3-9474-1A3956D46DE8}") = "infrastructure", "infrastructure", "{C856438F-91B5-4F33-BC25-80CC11EFCCE7}"
EndProject
Project("{2150E333-8FDC-42A3-9474-1A3956D46DE8}") = "admin", "admin", "{9AEAB002-AD98-4364-A8AE-226BA89CD220}"
EndProject
Project("{9A19103F-16F7-4668-BE54-9A1E7A4F7556}") = "TeduEcommerce.Admin.Application", "src\TeduEcommerce.Admin.Application\TeduEcommerce.Admin.Application.csproj", "{5BFCA682-F6AC-4DCE-9DB8-2E4429B57C5A}"
EndProject
Project("{9A19103F-16F7-4668-BE54-9A1E7A4F7556}") = "TeduEcommerce.Admin.Application.Contracts", "src\TeduEcommerce.Admin.Application.Contracts\TeduEcommerce.Admin.Application.Contracts.csproj", "{9097D68F-8CC0-4BA5-B0D1-15727D1D18AE}"
EndProject
Project("{9A19103F-16F7-4668-BE54-9A1E7A4F7556}") = "TeduEcommerce.Admin.HttpApi", "src\TeduEcommerce.Admin.HttpApi\TeduEcommerce.Admin.HttpApi.csproj", "{A58A93A5-3C40-49D3-B6EC-151B2D3C9D85}"
EndProject
Project("{9A19103F-16F7-4668-BE54-9A1E7A4F7556}") = "TeduEcommerce.Admin.HttpApi.Client", "src\TeduEcommerce.Admin.HttpApi.Client\TeduEcommerce.Admin.HttpApi.Client.csproj", "{48D3F686-9806-4707-95DC-ECD536DBBB64}"
EndProject
Project("{9A19103F-16F7-4668-BE54-9A1E7A4F7556}") = "TeduEcommerce.Admin.HttpApi.Host", "src\TeduEcommerce.Admin.HttpApi.Host\TeduEcommerce.Admin.HttpApi.Host.csproj", "{8D28FDE5-6B19-43ED-8052-D5EB7D6924FC}"
EndProject
Project("{2150E333-8FDC-42A3-9474-1A3956D46DE8}") = "admin", "admin", "{26807053-2DF2-4364-BA2C-479A9DD13D5B}"
EndProject
Project("{2150E333-8FDC-42A3-9474-1A3956D46DE8}") = "shared", "shared", "{1467A020-AC75-4408-BB16-6584404ECAAA}"
EndProject
Project("{2150E333-8FDC-42A3-9474-1A3956D46DE8}") = "public", "public", "{0DCDA4A4-F70F-4275-A56B-946781A0493D}"
EndProject
Project("{9A19103F-16F7-4668-BE54-9A1E7A4F7556}") = "TeduEcommerce.Admin.Application.Tests", "test\TeduEcommerce.Admin.Application.Tests\TeduEcommerce.Admin.Application.Tests.csproj", "{0F48306F-6C21-42D1-B23D-8E72CC30CC95}"
EndProject
Project("{9A19103F-16F7-4668-BE54-9A1E7A4F7556}") = "TeduEcommerce.Admin.HttpApi.Client.ConsoleTestApp", "test\TeduEcommerce.Admin.HttpApi.Client.ConsoleTestApp\TeduEcommerce.Admin.HttpApi.Client.ConsoleTestApp.csproj", "{76FB191A-A313-4969-866D-46E489EB96FE}"
EndProject
Global
	GlobalSection(SolutionConfigurationPlatforms) = preSolution
		Debug|Any CPU = Debug|Any CPU
		Release|Any CPU = Release|Any CPU
	EndGlobalSection
	GlobalSection(ProjectConfigurationPlatforms) = postSolution
		{554AD327-6DBA-4F8F-96F8-81CE7A0C863F}.Debug|Any CPU.ActiveCfg = Debug|Any CPU
		{554AD327-6DBA-4F8F-96F8-81CE7A0C863F}.Debug|Any CPU.Build.0 = Debug|Any CPU
		{554AD327-6DBA-4F8F-96F8-81CE7A0C863F}.Release|Any CPU.ActiveCfg = Release|Any CPU
		{554AD327-6DBA-4F8F-96F8-81CE7A0C863F}.Release|Any CPU.Build.0 = Release|Any CPU
		{1A94A50E-06DC-43C1-80B5-B662820EC3EB}.Debug|Any CPU.ActiveCfg = Debug|Any CPU
		{1A94A50E-06DC-43C1-80B5-B662820EC3EB}.Debug|Any CPU.Build.0 = Debug|Any CPU
		{1A94A50E-06DC-43C1-80B5-B662820EC3EB}.Release|Any CPU.ActiveCfg = Release|Any CPU
		{1A94A50E-06DC-43C1-80B5-B662820EC3EB}.Release|Any CPU.Build.0 = Release|Any CPU
		{C956DD76-69C8-4A9C-83EA-D17DF83340FD}.Debug|Any CPU.ActiveCfg = Debug|Any CPU
		{C956DD76-69C8-4A9C-83EA-D17DF83340FD}.Debug|Any CPU.Build.0 = Debug|Any CPU
		{C956DD76-69C8-4A9C-83EA-D17DF83340FD}.Release|Any CPU.ActiveCfg = Release|Any CPU
		{C956DD76-69C8-4A9C-83EA-D17DF83340FD}.Release|Any CPU.Build.0 = Release|Any CPU
		{50B2631D-129C-47B3-A587-029CCD6099BC}.Debug|Any CPU.ActiveCfg = Debug|Any CPU
		{50B2631D-129C-47B3-A587-029CCD6099BC}.Debug|Any CPU.Build.0 = Debug|Any CPU
		{50B2631D-129C-47B3-A587-029CCD6099BC}.Release|Any CPU.ActiveCfg = Release|Any CPU
		{50B2631D-129C-47B3-A587-029CCD6099BC}.Release|Any CPU.Build.0 = Release|Any CPU
		{42F719ED-8413-4895-B5B4-5AB56079BC66}.Debug|Any CPU.ActiveCfg = Debug|Any CPU
		{42F719ED-8413-4895-B5B4-5AB56079BC66}.Debug|Any CPU.Build.0 = Debug|Any CPU
		{42F719ED-8413-4895-B5B4-5AB56079BC66}.Release|Any CPU.ActiveCfg = Release|Any CPU
		{42F719ED-8413-4895-B5B4-5AB56079BC66}.Release|Any CPU.Build.0 = Release|Any CPU
		{520659C8-C734-4298-A3DA-B539DB9DFC0B}.Debug|Any CPU.ActiveCfg = Debug|Any CPU
		{520659C8-C734-4298-A3DA-B539DB9DFC0B}.Debug|Any CPU.Build.0 = Debug|Any CPU
		{520659C8-C734-4298-A3DA-B539DB9DFC0B}.Release|Any CPU.ActiveCfg = Release|Any CPU
		{520659C8-C734-4298-A3DA-B539DB9DFC0B}.Release|Any CPU.Build.0 = Release|Any CPU
		{4164BDF7-F527-4E85-9CE6-E3C2D7426A27}.Debug|Any CPU.ActiveCfg = Debug|Any CPU
		{4164BDF7-F527-4E85-9CE6-E3C2D7426A27}.Debug|Any CPU.Build.0 = Debug|Any CPU
		{4164BDF7-F527-4E85-9CE6-E3C2D7426A27}.Release|Any CPU.ActiveCfg = Release|Any CPU
		{4164BDF7-F527-4E85-9CE6-E3C2D7426A27}.Release|Any CPU.Build.0 = Release|Any CPU
		{3B5A0094-670D-4BB1-BFDD-61B88A8773DC}.Debug|Any CPU.ActiveCfg = Debug|Any CPU
		{3B5A0094-670D-4BB1-BFDD-61B88A8773DC}.Debug|Any CPU.Build.0 = Debug|Any CPU
		{3B5A0094-670D-4BB1-BFDD-61B88A8773DC}.Release|Any CPU.ActiveCfg = Release|Any CPU
		{3B5A0094-670D-4BB1-BFDD-61B88A8773DC}.Release|Any CPU.Build.0 = Release|Any CPU
		{073C361E-B8F4-49F5-93CC-72A3FF49C026}.Debug|Any CPU.ActiveCfg = Debug|Any CPU
		{073C361E-B8F4-49F5-93CC-72A3FF49C026}.Debug|Any CPU.Build.0 = Debug|Any CPU
		{073C361E-B8F4-49F5-93CC-72A3FF49C026}.Release|Any CPU.ActiveCfg = Release|Any CPU
		{073C361E-B8F4-49F5-93CC-72A3FF49C026}.Release|Any CPU.Build.0 = Release|Any CPU
		{E6D5BF0E-DE92-4D82-A352-EF04B37CB11C}.Debug|Any CPU.ActiveCfg = Debug|Any CPU
		{E6D5BF0E-DE92-4D82-A352-EF04B37CB11C}.Debug|Any CPU.Build.0 = Debug|Any CPU
		{E6D5BF0E-DE92-4D82-A352-EF04B37CB11C}.Release|Any CPU.ActiveCfg = Release|Any CPU
		{E6D5BF0E-DE92-4D82-A352-EF04B37CB11C}.Release|Any CPU.Build.0 = Release|Any CPU
		{1FE30EB9-74A9-47F5-A9F6-7B1FAB672D81}.Debug|Any CPU.ActiveCfg = Debug|Any CPU
		{1FE30EB9-74A9-47F5-A9F6-7B1FAB672D81}.Debug|Any CPU.Build.0 = Debug|Any CPU
		{1FE30EB9-74A9-47F5-A9F6-7B1FAB672D81}.Release|Any CPU.ActiveCfg = Release|Any CPU
		{1FE30EB9-74A9-47F5-A9F6-7B1FAB672D81}.Release|Any CPU.Build.0 = Release|Any CPU
		{91853F21-9CD9-4132-BC29-A7D5D84FFFE7}.Debug|Any CPU.ActiveCfg = Debug|Any CPU
		{91853F21-9CD9-4132-BC29-A7D5D84FFFE7}.Debug|Any CPU.Build.0 = Debug|Any CPU
		{91853F21-9CD9-4132-BC29-A7D5D84FFFE7}.Release|Any CPU.ActiveCfg = Release|Any CPU
		{91853F21-9CD9-4132-BC29-A7D5D84FFFE7}.Release|Any CPU.Build.0 = Release|Any CPU
		{E512F4D9-9375-480F-A2F6-A46509F9D824}.Debug|Any CPU.ActiveCfg = Debug|Any CPU
		{E512F4D9-9375-480F-A2F6-A46509F9D824}.Debug|Any CPU.Build.0 = Debug|Any CPU
		{E512F4D9-9375-480F-A2F6-A46509F9D824}.Release|Any CPU.ActiveCfg = Release|Any CPU
		{E512F4D9-9375-480F-A2F6-A46509F9D824}.Release|Any CPU.Build.0 = Release|Any CPU
		{EF480016-9127-4916-8735-D2466BDBC582}.Debug|Any CPU.ActiveCfg = Debug|Any CPU
		{EF480016-9127-4916-8735-D2466BDBC582}.Debug|Any CPU.Build.0 = Debug|Any CPU
		{EF480016-9127-4916-8735-D2466BDBC582}.Release|Any CPU.ActiveCfg = Release|Any CPU
		{EF480016-9127-4916-8735-D2466BDBC582}.Release|Any CPU.Build.0 = Release|Any CPU
		{AA94D832-1CCC-4715-95A9-A483F23A1A5D}.Debug|Any CPU.ActiveCfg = Debug|Any CPU
		{AA94D832-1CCC-4715-95A9-A483F23A1A5D}.Debug|Any CPU.Build.0 = Debug|Any CPU
		{AA94D832-1CCC-4715-95A9-A483F23A1A5D}.Release|Any CPU.ActiveCfg = Release|Any CPU
		{AA94D832-1CCC-4715-95A9-A483F23A1A5D}.Release|Any CPU.Build.0 = Release|Any CPU
		{5BFCA682-F6AC-4DCE-9DB8-2E4429B57C5A}.Debug|Any CPU.ActiveCfg = Debug|Any CPU
		{5BFCA682-F6AC-4DCE-9DB8-2E4429B57C5A}.Debug|Any CPU.Build.0 = Debug|Any CPU
		{5BFCA682-F6AC-4DCE-9DB8-2E4429B57C5A}.Release|Any CPU.ActiveCfg = Release|Any CPU
		{5BFCA682-F6AC-4DCE-9DB8-2E4429B57C5A}.Release|Any CPU.Build.0 = Release|Any CPU
		{9097D68F-8CC0-4BA5-B0D1-15727D1D18AE}.Debug|Any CPU.ActiveCfg = Debug|Any CPU
		{9097D68F-8CC0-4BA5-B0D1-15727D1D18AE}.Debug|Any CPU.Build.0 = Debug|Any CPU
		{9097D68F-8CC0-4BA5-B0D1-15727D1D18AE}.Release|Any CPU.ActiveCfg = Release|Any CPU
		{9097D68F-8CC0-4BA5-B0D1-15727D1D18AE}.Release|Any CPU.Build.0 = Release|Any CPU
		{A58A93A5-3C40-49D3-B6EC-151B2D3C9D85}.Debug|Any CPU.ActiveCfg = Debug|Any CPU
		{A58A93A5-3C40-49D3-B6EC-151B2D3C9D85}.Debug|Any CPU.Build.0 = Debug|Any CPU
		{A58A93A5-3C40-49D3-B6EC-151B2D3C9D85}.Release|Any CPU.ActiveCfg = Release|Any CPU
		{A58A93A5-3C40-49D3-B6EC-151B2D3C9D85}.Release|Any CPU.Build.0 = Release|Any CPU
		{48D3F686-9806-4707-95DC-ECD536DBBB64}.Debug|Any CPU.ActiveCfg = Debug|Any CPU
		{48D3F686-9806-4707-95DC-ECD536DBBB64}.Debug|Any CPU.Build.0 = Debug|Any CPU
		{48D3F686-9806-4707-95DC-ECD536DBBB64}.Release|Any CPU.ActiveCfg = Release|Any CPU
		{48D3F686-9806-4707-95DC-ECD536DBBB64}.Release|Any CPU.Build.0 = Release|Any CPU
		{8D28FDE5-6B19-43ED-8052-D5EB7D6924FC}.Debug|Any CPU.ActiveCfg = Debug|Any CPU
		{8D28FDE5-6B19-43ED-8052-D5EB7D6924FC}.Debug|Any CPU.Build.0 = Debug|Any CPU
		{8D28FDE5-6B19-43ED-8052-D5EB7D6924FC}.Release|Any CPU.ActiveCfg = Release|Any CPU
		{8D28FDE5-6B19-43ED-8052-D5EB7D6924FC}.Release|Any CPU.Build.0 = Release|Any CPU
		{0F48306F-6C21-42D1-B23D-8E72CC30CC95}.Debug|Any CPU.ActiveCfg = Debug|Any CPU
		{0F48306F-6C21-42D1-B23D-8E72CC30CC95}.Debug|Any CPU.Build.0 = Debug|Any CPU
		{0F48306F-6C21-42D1-B23D-8E72CC30CC95}.Release|Any CPU.ActiveCfg = Release|Any CPU
		{0F48306F-6C21-42D1-B23D-8E72CC30CC95}.Release|Any CPU.Build.0 = Release|Any CPU
		{76FB191A-A313-4969-866D-46E489EB96FE}.Debug|Any CPU.ActiveCfg = Debug|Any CPU
		{76FB191A-A313-4969-866D-46E489EB96FE}.Debug|Any CPU.Build.0 = Debug|Any CPU
		{76FB191A-A313-4969-866D-46E489EB96FE}.Release|Any CPU.ActiveCfg = Release|Any CPU
		{76FB191A-A313-4969-866D-46E489EB96FE}.Release|Any CPU.Build.0 = Release|Any CPU
	EndGlobalSection
	GlobalSection(SolutionProperties) = preSolution
		HideSolutionNode = FALSE
	EndGlobalSection
	GlobalSection(NestedProjects) = preSolution
		{554AD327-6DBA-4F8F-96F8-81CE7A0C863F} = {264AE702-5CEB-4BC5-BAF6-1F429D8D0A39}
		{1A94A50E-06DC-43C1-80B5-B662820EC3EB} = {DB91E7D8-2686-4D7F-890A-22C9D3B1A884}
		{C956DD76-69C8-4A9C-83EA-D17DF83340FD} = {C856438F-91B5-4F33-BC25-80CC11EFCCE7}
		{50B2631D-129C-47B3-A587-029CCD6099BC} = {0DCDA4A4-F70F-4275-A56B-946781A0493D}
		{42F719ED-8413-4895-B5B4-5AB56079BC66} = {264AE702-5CEB-4BC5-BAF6-1F429D8D0A39}
		{520659C8-C734-4298-A3DA-B539DB9DFC0B} = {DB91E7D8-2686-4D7F-890A-22C9D3B1A884}
		{4164BDF7-F527-4E85-9CE6-E3C2D7426A27} = {DB91E7D8-2686-4D7F-890A-22C9D3B1A884}
		{3B5A0094-670D-4BB1-BFDD-61B88A8773DC} = {DB91E7D8-2686-4D7F-890A-22C9D3B1A884}
		{073C361E-B8F4-49F5-93CC-72A3FF49C026} = {EE9FF8F5-EC56-4FD7-9714-19020B0A7FBB}
		{E6D5BF0E-DE92-4D82-A352-EF04B37CB11C} = {DB91E7D8-2686-4D7F-890A-22C9D3B1A884}
		{1FE30EB9-74A9-47F5-A9F6-7B1FAB672D81} = {1467A020-AC75-4408-BB16-6584404ECAAA}
		{91853F21-9CD9-4132-BC29-A7D5D84FFFE7} = {1467A020-AC75-4408-BB16-6584404ECAAA}
		{E512F4D9-9375-480F-A2F6-A46509F9D824} = {0DCDA4A4-F70F-4275-A56B-946781A0493D}
		{EF480016-9127-4916-8735-D2466BDBC582} = {1467A020-AC75-4408-BB16-6584404ECAAA}
		{AA94D832-1CCC-4715-95A9-A483F23A1A5D} = {C856438F-91B5-4F33-BC25-80CC11EFCCE7}
		{6226195B-A7EA-485A-A50D-7E5A714CCA1B} = {CA9AC87F-097E-4F15-8393-4BC07735A5B0}
		{EE9FF8F5-EC56-4FD7-9714-19020B0A7FBB} = {CA9AC87F-097E-4F15-8393-4BC07735A5B0}
		{DB91E7D8-2686-4D7F-890A-22C9D3B1A884} = {CA9AC87F-097E-4F15-8393-4BC07735A5B0}
		{264AE702-5CEB-4BC5-BAF6-1F429D8D0A39} = {6226195B-A7EA-485A-A50D-7E5A714CCA1B}
		{C856438F-91B5-4F33-BC25-80CC11EFCCE7} = {6226195B-A7EA-485A-A50D-7E5A714CCA1B}
		{9AEAB002-AD98-4364-A8AE-226BA89CD220} = {CA9AC87F-097E-4F15-8393-4BC07735A5B0}
		{5BFCA682-F6AC-4DCE-9DB8-2E4429B57C5A} = {9AEAB002-AD98-4364-A8AE-226BA89CD220}
		{9097D68F-8CC0-4BA5-B0D1-15727D1D18AE} = {9AEAB002-AD98-4364-A8AE-226BA89CD220}
		{A58A93A5-3C40-49D3-B6EC-151B2D3C9D85} = {9AEAB002-AD98-4364-A8AE-226BA89CD220}
		{48D3F686-9806-4707-95DC-ECD536DBBB64} = {9AEAB002-AD98-4364-A8AE-226BA89CD220}
		{8D28FDE5-6B19-43ED-8052-D5EB7D6924FC} = {9AEAB002-AD98-4364-A8AE-226BA89CD220}
		{26807053-2DF2-4364-BA2C-479A9DD13D5B} = {04DBDB01-70F4-4E06-B468-8F87850B22BE}
		{1467A020-AC75-4408-BB16-6584404ECAAA} = {04DBDB01-70F4-4E06-B468-8F87850B22BE}
		{0DCDA4A4-F70F-4275-A56B-946781A0493D} = {04DBDB01-70F4-4E06-B468-8F87850B22BE}
		{0F48306F-6C21-42D1-B23D-8E72CC30CC95} = {26807053-2DF2-4364-BA2C-479A9DD13D5B}
		{76FB191A-A313-4969-866D-46E489EB96FE} = {26807053-2DF2-4364-BA2C-479A9DD13D5B}
	EndGlobalSection
	GlobalSection(ExtensibilityGlobals) = postSolution
		SolutionGuid = {28315BFD-90E7-4E14-A2EA-F3D23AF4126F}
	EndGlobalSection
EndGlobal
